Microsoft Visual Studio Solution File, Format Version 11.00
# Visual Studio 2008

Project("{4F8B3118-5564-0D89-6B9C-E11FD1D6CACC}") = "SaturnOnRailsShooter", "Assembly-CSharp-firstpass-vs.csproj", "{FE084F35-4908-DB7A-9CC3-8F4230D689E9}"
EndProject
Project("{4F8B3118-5564-0D89-6B9C-E11FD1D6CACC}") = "SaturnOnRailsShooter", "Assembly-CSharp-vs.csproj", "{81E3C3E8-FDDC-61D6-3D50-3397B858776E}"
EndProject
Global
	GlobalSection(SolutionConfigurationPlatforms) = preSolution
		Debug|Any CPU = Debug|Any CPU
		Release|Any CPU = Release|Any CPU
	EndGlobalSection
	GlobalSection(ProjectConfigurationPlatforms) = postSolution
		{FE084F35-4908-DB7A-9CC3-8F4230D689E9}.Debug|Any CPU.ActiveCfg = Debug|Any CPU
		{FE084F35-4908-DB7A-9CC3-8F4230D689E9}.Debug|Any CPU.Build.0 = Debug|Any CPU
		{FE084F35-4908-DB7A-9CC3-8F4230D689E9}.Release|Any CPU.ActiveCfg = Release|Any CPU
		{FE084F35-4908-DB7A-9CC3-8F4230D689E9}.Release|Any CPU.Build.0 = Release|Any CPU
		{81E3C3E8-FDDC-61D6-3D50-3397B858776E}.Debug|Any CPU.ActiveCfg = Debug|Any CPU
		{81E3C3E8-FDDC-61D6-3D50-3397B858776E}.Debug|Any CPU.Build.0 = Debug|Any CPU
		{81E3C3E8-FDDC-61D6-3D50-3397B858776E}.Release|Any CPU.ActiveCfg = Release|Any CPU
		{81E3C3E8-FDDC-61D6-3D50-3397B858776E}.Release|Any CPU.Build.0 = Release|Any CPU
	EndGlobalSection
	GlobalSection(SolutionProperties) = preSolution
		HideSolutionNode = FALSE
	EndGlobalSection
																																																																																																																									GlobalSection(MonoDevelopProperties) = preSolution
		StartupItem = Assembly-CSharp.csproj
		Policies = $0
		$0.TextStylePolicy = $1
		$1.inheritsSet = null
		$1.scope = text/x-csharp
		$0.CSharpFormattingPolicy = $2
		$2.inheritsSet = Mono
		$2.inheritsScope = text/x-csharp
		$2.scope = text/x-csharp
		$0.TextStylePolicy = $3
		$3.FileWidth = 120
		$3.TabWidth = 4
		$3.IndentWidth = 4
		$3.EolMarker = Unix
		$3.inheritsSet = Mono
		$3.inheritsScope = text/plain
		$3.scope = text/plain
	EndGlobalSection

EndGlobal
